Microsoft Visual Studio Solution File, Format Version 12.00
# Visual Studio 15
VisualStudioVersion = 15.0.26730.16
MinimumVisualStudioVersion = 10.0.40219.1
Project("{2150E333-8FDC-42A3-9474-1A3956D46DE8}") = "Project", "Project", "{8C859F10-12C1-43F1-A1FF-736F42F800E0}"
EndProject
Project("{2150E333-8FDC-42A3-9474-1A3956D46DE8}") = "Framework", "Framework", "{DF3D1F80-D595-41ED-933C-A9A1B35FFCC4}"
EndProject
Project("{FAE04EC0-301F-11D3-BF4B-00C04F79EFBC}") = "SmartEducation.Public", "Project\SmartEducation.Public\SmartEducation.Public.csproj", "{FEE94A84-D67E-44B9-A45F-A8E26EE778F5}"
EndProject
Project("{FAE04EC0-301F-11D3-BF4B-00C04F79EFBC}") = "SmartEducation.Logic.Public", "Project\SmartEducation.Logic.Public\SmartEducation.Logic.Public.csproj", "{82A0600F-6CC4-4A73-984D-AEF850A838E6}"
EndProject
Project("{2150E333-8FDC-42A3-9474-1A3956D46DE8}") = "Framework.Tests", "Framework.Tests", "{118D124A-0B0F-4013-9533-18900C9BE184}"
EndProject
Project("{2150E333-8FDC-42A3-9474-1A3956D46DE8}") = "Project.Tests", "Project.Tests", "{A4F06758-D4C5-49EB-8CFC-FE738E99B7CB}"
EndProject
Project("{FAE04EC0-301F-11D3-BF4B-00C04F79EFBC}") = "FT.DataAccess.Tests", "Framework.Tests\FT.DataAccess.Tests\FT.DataAccess.Tests.csproj", "{D9A7B352-EBC8-48E0-8702-D484CB22CB4A}"
EndProject
Project("{FAE04EC0-301F-11D3-BF4B-00C04F79EFBC}") = "Core.UI.Server.API", "Framework\Core.UI.Server.API\Core.UI.Server.API.csproj", "{9CEE8C29-BA44-48F6-AC35-F2E0C1B7C127}"
EndProject
Project("{FAE04EC0-301F-11D3-BF4B-00C04F79EFBC}") = "SmartEducation.Domain", "Project\SmartEducation.Domain\SmartEducation.Domain.csproj", "{57113AE6-4AAC-4363-B2EC-37F790782C3D}"
EndProject
Project("{FAE04EC0-301F-11D3-BF4B-00C04F79EFBC}") = "Core.CQRS", "Framework\Core.CQRS\Core.CQRS.csproj", "{1AE9316B-5411-4A33-9BA4-4E30C6D86115}"
EndProject
Project("{FAE04EC0-301F-11D3-BF4B-00C04F79EFBC}") = "Core.Common", "Framework\Core.Common\Core.Common.csproj", "{F0C99853-5BD9-4081-9C7F-BA5D3FD49875}"
EndProject
Project("{FAE04EC0-301F-11D3-BF4B-00C04F79EFBC}") = "Core.DataAccess", "Framework\Core.DataAccess\Core.DataAccess.csproj", "{44A825A0-CC6D-452F-B216-76D41D957EEE}"
EndProject
Project("{FAE04EC0-301F-11D3-BF4B-00C04F79EFBC}") = "Core.Mvc", "Framework\Core.Mvc\Core.Mvc.csproj", "{262614AC-E97B-4AC8-92A0-3FB715409739}"
EndProject
Project("{FAE04EC0-301F-11D3-BF4B-00C04F79EFBC}") = "Core.DI", "Framework\Core.DI\Core.DI.csproj", "{9A1D0602-BF2F-42F4-9B02-D4D9B71191EE}"
EndProject
Project("{2150E333-8FDC-42A3-9474-1A3956D46DE8}") = "IdentityServer", "IdentityServer", "{931FE4E0-B033-45B6-A960-43B7B6DBB4D0}"
EndProject
Project("{FAE04EC0-301F-11D3-BF4B-00C04F79EFBC}") = "Core.IdentityServer", "IdentityServer\Core.IdentityServer\Core.IdentityServer.csproj", "{6B92D8CD-C455-4251-86E7-69D96962188A}"
EndProject
Project("{FAE04EC0-301F-11D3-BF4B-00C04F79EFBC}") = "Test.Public", "Project.Tests\Test.Public\Test.Public.csproj", "{9A710362-C0AB-47D0-BADA-5A5C8465FCCE}"
EndProject
Global
	GlobalSection(SolutionConfigurationPlatforms) = preSolution
		Debug|Any CPU = Debug|Any CPU
		Release|Any CPU = Release|Any CPU
	EndGlobalSection
	GlobalSection(ProjectConfigurationPlatforms) = postSolution
		{FEE94A84-D67E-44B9-A45F-A8E26EE778F5}.Debug|Any CPU.ActiveCfg = Debug|Any CPU
		{FEE94A84-D67E-44B9-A45F-A8E26EE778F5}.Debug|Any CPU.Build.0 = Debug|Any CPU
		{FEE94A84-D67E-44B9-A45F-A8E26EE778F5}.Release|Any CPU.ActiveCfg = Release|Any CPU
		{FEE94A84-D67E-44B9-A45F-A8E26EE778F5}.Release|Any CPU.Build.0 = Release|Any CPU
		{82A0600F-6CC4-4A73-984D-AEF850A838E6}.Debug|Any CPU.ActiveCfg = Debug|Any CPU
		{82A0600F-6CC4-4A73-984D-AEF850A838E6}.Debug|Any CPU.Build.0 = Debug|Any CPU
		{82A0600F-6CC4-4A73-984D-AEF850A838E6}.Release|Any CPU.ActiveCfg = Release|Any CPU
		{82A0600F-6CC4-4A73-984D-AEF850A838E6}.Release|Any CPU.Build.0 = Release|Any CPU
		{D9A7B352-EBC8-48E0-8702-D484CB22CB4A}.Debug|Any CPU.ActiveCfg = Debug|Any CPU
		{D9A7B352-EBC8-48E0-8702-D484CB22CB4A}.Debug|Any CPU.Build.0 = Debug|Any CPU
		{D9A7B352-EBC8-48E0-8702-D484CB22CB4A}.Release|Any CPU.ActiveCfg = Release|Any CPU
		{D9A7B352-EBC8-48E0-8702-D484CB22CB4A}.Release|Any CPU.Build.0 = Release|Any CPU
		{9CEE8C29-BA44-48F6-AC35-F2E0C1B7C127}.Debug|Any CPU.ActiveCfg = Debug|Any CPU
		{9CEE8C29-BA44-48F6-AC35-F2E0C1B7C127}.Debug|Any CPU.Build.0 = Debug|Any CPU
		{9CEE8C29-BA44-48F6-AC35-F2E0C1B7C127}.Release|Any CPU.ActiveCfg = Release|Any CPU
		{9CEE8C29-BA44-48F6-AC35-F2E0C1B7C127}.Release|Any CPU.Build.0 = Release|Any CPU
		{57113AE6-4AAC-4363-B2EC-37F790782C3D}.Debug|Any CPU.ActiveCfg = Debug|Any CPU
		{57113AE6-4AAC-4363-B2EC-37F790782C3D}.Debug|Any CPU.Build.0 = Debug|Any CPU
		{57113AE6-4AAC-4363-B2EC-37F790782C3D}.Release|Any CPU.ActiveCfg = Release|Any CPU
		{57113AE6-4AAC-4363-B2EC-37F790782C3D}.Release|Any CPU.Build.0 = Release|Any CPU
		{1AE9316B-5411-4A33-9BA4-4E30C6D86115}.Debug|Any CPU.ActiveCfg = Debug|Any CPU
		{1AE9316B-5411-4A33-9BA4-4E30C6D86115}.Debug|Any CPU.Build.0 = Debug|Any CPU
		{1AE9316B-5411-4A33-9BA4-4E30C6D86115}.Release|Any CPU.ActiveCfg = Release|Any CPU
		{1AE9316B-5411-4A33-9BA4-4E30C6D86115}.Release|Any CPU.Build.0 = Release|Any CPU
		{F0C99853-5BD9-4081-9C7F-BA5D3FD49875}.Debug|Any CPU.ActiveCfg = Debug|Any CPU
		{F0C99853-5BD9-4081-9C7F-BA5D3FD49875}.Debug|Any CPU.Build.0 = Debug|Any CPU
		{F0C99853-5BD9-4081-9C7F-BA5D3FD49875}.Release|Any CPU.ActiveCfg = Release|Any CPU
		{F0C99853-5BD9-4081-9C7F-BA5D3FD49875}.Release|Any CPU.Build.0 = Release|Any CPU
		{44A825A0-CC6D-452F-B216-76D41D957EEE}.Debug|Any CPU.ActiveCfg = Debug|Any CPU
		{44A825A0-CC6D-452F-B216-76D41D957EEE}.Debug|Any CPU.Build.0 = Debug|Any CPU
		{44A825A0-CC6D-452F-B216-76D41D957EEE}.Release|Any CPU.ActiveCfg = Release|Any CPU
		{44A825A0-CC6D-452F-B216-76D41D957EEE}.Release|Any CPU.Build.0 = Release|Any CPU
		{262614AC-E97B-4AC8-92A0-3FB715409739}.Debug|Any CPU.ActiveCfg = Debug|Any CPU
		{262614AC-E97B-4AC8-92A0-3FB715409739}.Debug|Any CPU.Build.0 = Debug|Any CPU
		{262614AC-E97B-4AC8-92A0-3FB715409739}.Release|Any CPU.ActiveCfg = Release|Any CPU
		{262614AC-E97B-4AC8-92A0-3FB715409739}.Release|Any CPU.Build.0 = Release|Any CPU
		{9A1D0602-BF2F-42F4-9B02-D4D9B71191EE}.Debug|Any CPU.ActiveCfg = Debug|Any CPU
		{9A1D0602-BF2F-42F4-9B02-D4D9B71191EE}.Debug|Any CPU.Build.0 = Debug|Any CPU
		{9A1D0602-BF2F-42F4-9B02-D4D9B71191EE}.Release|Any CPU.ActiveCfg = Release|Any CPU
		{9A1D0602-BF2F-42F4-9B02-D4D9B71191EE}.Release|Any CPU.Build.0 = Release|Any CPU
		{6B92D8CD-C455-4251-86E7-69D96962188A}.Debug|Any CPU.ActiveCfg = Debug|Any CPU
		{6B92D8CD-C455-4251-86E7-69D96962188A}.Debug|Any CPU.Build.0 = Debug|Any CPU
		{6B92D8CD-C455-4251-86E7-69D96962188A}.Release|Any CPU.ActiveCfg = Release|Any CPU
		{6B92D8CD-C455-4251-86E7-69D96962188A}.Release|Any CPU.Build.0 = Release|Any CPU
		{9A710362-C0AB-47D0-BADA-5A5C8465FCCE}.Debug|Any CPU.ActiveCfg = Debug|Any CPU
		{9A710362-C0AB-47D0-BADA-5A5C8465FCCE}.Debug|Any CPU.Build.0 = Debug|Any CPU
		{9A710362-C0AB-47D0-BADA-5A5C8465FCCE}.Release|Any CPU.ActiveCfg = Release|Any CPU
		{9A710362-C0AB-47D0-BADA-5A5C8465FCCE}.Release|Any CPU.Build.0 = Release|Any CPU
	EndGlobalSection
	GlobalSection(SolutionProperties) = preSolution
		HideSolutionNode = FALSE
	EndGlobalSection
	GlobalSection(NestedProjects) = preSolution
		{FEE94A84-D67E-44B9-A45F-A8E26EE778F5} = {8C859F10-12C1-43F1-A1FF-736F42F800E0}
		{82A0600F-6CC4-4A73-984D-AEF850A838E6} = {8C859F10-12C1-43F1-A1FF-736F42F800E0}
		{D9A7B352-EBC8-48E0-8702-D484CB22CB4A} = {118D124A-0B0F-4013-9533-18900C9BE184}
		{9CEE8C29-BA44-48F6-AC35-F2E0C1B7C127} = {DF3D1F80-D595-41ED-933C-A9A1B35FFCC4}
		{57113AE6-4AAC-4363-B2EC-37F790782C3D} = {8C859F10-12C1-43F1-A1FF-736F42F800E0}
		{1AE9316B-5411-4A33-9BA4-4E30C6D86115} = {DF3D1F80-D595-41ED-933C-A9A1B35FFCC4}
		{F0C99853-5BD9-4081-9C7F-BA5D3FD49875} = {DF3D1F80-D595-41ED-933C-A9A1B35FFCC4}
		{44A825A0-CC6D-452F-B216-76D41D957EEE} = {DF3D1F80-D595-41ED-933C-A9A1B35FFCC4}
		{262614AC-E97B-4AC8-92A0-3FB715409739} = {DF3D1F80-D595-41ED-933C-A9A1B35FFCC4}
		{9A1D0602-BF2F-42F4-9B02-D4D9B71191EE} = {DF3D1F80-D595-41ED-933C-A9A1B35FFCC4}
		{6B92D8CD-C455-4251-86E7-69D96962188A} = {931FE4E0-B033-45B6-A960-43B7B6DBB4D0}
		{9A710362-C0AB-47D0-BADA-5A5C8465FCCE} = {A4F06758-D4C5-49EB-8CFC-FE738E99B7CB}
	EndGlobalSection
	GlobalSection(ExtensibilityGlobals) = postSolution
		SolutionGuid = {70189B7E-E4FC-47F9-A916-D17168220D4D}
	EndGlobalSection
EndGlobal
